
Microsoft Visual Studio Solution File, Format Version 12.00
# Visual Studio Version 16
VisualStudioVersion = 16.0.29806.167
MinimumVisualStudioVersion = 10.0.40219.1
Project("{FAE04EC0-301F-11D3-BF4B-00C04F79EFBC}") = "Assignments2", "Assignments2\Assignments2.csproj", "{D1E3CA1C-6DE4-4A5D-8DD2-BDD18B724561}"
EndProject
Project("{FAE04EC0-301F-11D3-BF4B-00C04F79EFBC}") = "Casino", "..\Casino\Casino.csproj", "{B1B5429C-F583-4FCD-A246-833AF2C002B5}"
EndProject
Global
	GlobalSection(SolutionConfigurationPlatforms) = preSolution
		Debug|Any CPU = Debug|Any CPU
		Release|Any CPU = Release|Any CPU
	EndGlobalSection
	GlobalSection(ProjectConfigurationPlatforms) = postSolution
		{D1E3CA1C-6DE4-4A5D-8DD2-BDD18B724561}.Debug|Any CPU.ActiveCfg = Debug|Any CPU
		{D1E3CA1C-6DE4-4A5D-8DD2-BDD18B724561}.Debug|Any CPU.Build.0 = Debug|Any CPU
		{D1E3CA1C-6DE4-4A5D-8DD2-BDD18B724561}.Release|Any CPU.ActiveCfg = Release|Any CPU
		{D1E3CA1C-6DE4-4A5D-8DD2-BDD18B724561}.Release|Any CPU.Build.0 = Release|Any CPU
		{B1B5429C-F583-4FCD-A246-833AF2C002B5}.Debug|Any CPU.ActiveCfg = Debug|Any CPU
		{B1B5429C-F583-4FCD-A246-833AF2C002B5}.Debug|Any CPU.Build.0 = Debug|Any CPU
		{B1B5429C-F583-4FCD-A246-833AF2C002B5}.Release|Any CPU.ActiveCfg = Release|Any CPU
		{B1B5429C-F583-4FCD-A246-833AF2C002B5}.Release|Any CPU.Build.0 = Release|Any CPU
	EndGlobalSection
	GlobalSection(SolutionProperties) = preSolution
		HideSolutionNode = FALSE
	EndGlobalSection
	GlobalSection(ExtensibilityGlobals) = postSolution
		SolutionGuid = {03F9051D-92B7-4117-9931-1A4789571735}
	EndGlobalSection
EndGlobal
